{
  "version": 4,
  "terraform_version": "1.1.1",
  "serial": 3,
  "lineage": "7825572b-3176-df78-f920-8096901c361f",
  "outputs": {},
  "resources": [
    {
      "module": "module.my-repository",
      "mode": "managed",
      "type": "google_artifact_registry_repository",
      "name": "my-repo",
      "provider": "provider[\"registry.terraform.io/hashicorp/google\"]",
      "instances": [
        {
          "schema_version": 0,
          "attributes": {
            "create_time": "2023-02-28T16:26:19.219999Z",
            "description": "Created by terraform",
            "format": "DOCKER",
            "id": "projects/poetic-sentinel-378217/locations/us-central1/repositories/my-repository",
            "kms_key_name": "",
            "labels": null,
            "location": "us-central1",
            "maven_config": [],
            "name": "my-repository",
            "project": "poetic-sentinel-378217",
            "repository_id": "my-repository",
            "timeouts": null,
            "update_time": "2023-02-28T16:26:19.219999Z"
          },
          "sensitive_attributes": [],
          "private": "eyJlMmJmYjczMC1lY2FhLTExZTYtOGY4OC0zNDM2M2JjN2M0YzAiOnsiY3JlYXRlIjoxMjAwMDAwMDAwMDAwLCJkZWxldGUiOjEyMDAwMDAwMDAwMDAsInVwZGF0ZSI6MTIwMDAwMDAwMDAwMH19"
        }
      ]
    },
    {
      "module": "module.nodejs-repository",
      "mode": "managed",
      "type": "google_artifact_registry_repository",
      "name": "my-repo",
      "provider": "provider[\"registry.terraform.io/hashicorp/google\"]",
      "instances": [
        {
          "schema_version": 0,
          "attributes": {
            "create_time": "2023-02-28T16:26:19.413981Z",
            "description": "Created by terraform",
            "format": "DOCKER",
            "id": "projects/poetic-sentinel-378217/locations/us-central1/repositories/nodejs-repo",
            "kms_key_name": "",
            "labels": null,
            "location": "us-central1",
            "maven_config": [],
            "name": "nodejs-repo",
            "project": "poetic-sentinel-378217",
            "repository_id": "nodejs-repo",
            "timeouts": null,
            "update_time": "2023-02-28T16:26:19.413981Z"
          },
          "sensitive_attributes": [],
          "private": "eyJlMmJmYjczMC1lY2FhLTExZTYtOGY4OC0zNDM2M2JjN2M0YzAiOnsiY3JlYXRlIjoxMjAwMDAwMDAwMDAwLCJkZWxldGUiOjEyMDAwMDAwMDAwMDAsInVwZGF0ZSI6MTIwMDAwMDAwMDAwMH19"
        }
      ]
    }
  ]
}
